// !$*UTF8*$!
{
	archiveVersion = 1;
	classes = {
	};
	objectVersion = 46;
	objects = {

/* Begin PBXBuildFile section */
		DD5696911D0730E0002A0DBB /* AppDelegate.swift in Sources */ = {isa = PBXBuildFile; fileRef = DD5696901D0730E0002A0DBB /* AppDelegate.swift */; };
		DD5696931D0730E0002A0DBB /* ViewController.swift in Sources */ = {isa = PBXBuildFile; fileRef = DD5696921D0730E0002A0DBB /* ViewController.swift */; };
		DD5696961D0730E0002A0DBB /* Main.storyboard in Resources */ = {isa = PBXBuildFile; fileRef = DD5696941D0730E0002A0DBB /* Main.storyboard */; };
		DD5696981D0730E0002A0DBB /* Assets.xcassets in Resources */ = {isa = PBXBuildFile; fileRef = DD5696971D0730E0002A0DBB /* Assets.xcassets */; };
		DD56969B1D0730E0002A0DBB /* LaunchScreen.storyboard in Resources */ = {isa = PBXBuildFile; fileRef = DD5696991D0730E0002A0DBB /* LaunchScreen.storyboard */; };
/* End PBXBuildFile section */

/* Begin PBXFileReference section */
		DD56968D1D0730E0002A0DBB /* GoTechConRpgOopApp.app */ = {isa = PBXFileReference; explicitFileType = wrapper.application; includeInIndex = 0; path = GoTechConRpgOopApp.app; sourceTree = BUILT_PRODUCTS_DIR; };
		DD5696901D0730E0002A0DBB /* AppDelegate.swift */ = {isa = PBXFileReference; lastKnownFileType = sourcecode.swift; path = AppDelegate.swift; sourceTree = "<group>"; };
		DD5696921D0730E0002A0DBB /* ViewController.swift */ = {isa = PBXFileReference; lastKnownFileType = sourcecode.swift; path = ViewController.swift; sourceTree = "<group>"; };
		DD5696951D0730E0002A0DBB /* Base */ = {isa = PBXFileReference; lastKnownFileType = file.storyboard; name = Base; path = Base.lproj/Main.storyboard; sourceTree = "<group>"; };
		DD5696971D0730E0002A0DBB /* Assets.xcassets */ = {isa = PBXFileReference; lastKnownFileType = folder.assetcatalog; path = Assets.xcassets; sourceTree = "<group>"; };
		DD56969A1D0730E0002A0DBB /* Base */ = {isa = PBXFileReference; lastKnownFileType = file.storyboard; name = Base; path = Base.lproj/LaunchScreen.storyboard; sourceTree = "<group>"; };
		DD56969C1D0730E0002A0DBB /* Info.plist */ = {isa = PBXFileReference; lastKnownFileType = text.plist.xml; path = Info.plist; sourceTree = "<group>"; };
/* End PBXFileReference section */

/* Begin PBXFrameworksBuildPhase section */
		DD56968A1D0730E0002A0DBB /* Frameworks */ = {
			isa = PBXFrameworksBuildPhase;
			buildActionMask = 2147483647;
			files = (
			);
			runOnlyForDeploymentPostprocessing = 0;
		};
/* End PBXFrameworksBuildPhase section */

/* Begin PBXGroup section */
		DD5696841D0730E0002A0DBB = {
			isa = PBXGroup;
			children = (
				DD56968F1D0730E0002A0DBB /* GoTechConRpgOopApp */,
				DD56968E1D0730E0002A0DBB /* Products */,
			);
			sourceTree = "<group>";
		};
		DD56968E1D0730E0002A0DBB /* Products */ = {
			isa = PBXGroup;
			children = (
				DD56968D1D0730E0002A0DBB /* GoTechConRpgOopApp.app */,
			);
			name = Products;
			sourceTree = "<group>";
		};
		DD56968F1D0730E0002A0DBB /* GoTechConRpgOopApp */ = {
			isa = PBXGroup;
			children = (
				DD5696901D0730E0002A0DBB /* AppDelegate.swift */,
				DD5696921D0730E0002A0DBB /* ViewController.swift */,
				DD5696941D0730E0002A0DBB /* Main.storyboard */,
				DD5696971D0730E0002A0DBB /* Assets.xcassets */,
				DD5696991D0730E0002A0DBB /* LaunchScreen.storyboard */,
				DD56969C1D0730E0002A0DBB /* Info.plist */,
			);
			path = GoTechConRpgOopApp;
			sourceTree = "<group>";
		};
/* End PBXGroup section */

/* Begin PBXNativeTarget section */
		DD56968C1D0730E0002A0DBB /* GoTechConRpgOopApp */ = {
			isa = PBXNativeTarget;
			buildConfigurationList = DD56969F1D0730E0002A0DBB /* Build configuration list for PBXNativeTarget "GoTechConRpgOopApp" */;
			buildPhases = (
				DD5696891D0730E0002A0DBB /* Sources */,
				DD56968A1D0730E0002A0DBB /* Frameworks */,
				DD56968B1D0730E0002A0DBB /* Resources */,
			);
			buildRules = (
			);
			dependencies = (
			);
			name = GoTechConRpgOopApp;
			productName = GoTechConRpgOopApp;
			productReference = DD56968D1D0730E0002A0DBB /* GoTechConRpgOopApp.app */;
			productType = "com.apple.product-type.application";
		};
/* End PBXNativeTarget section */

/* Begin PBXProject section */
		DD5696851D0730E0002A0DBB /* Project object */ = {
			isa = PBXProject;
			attributes = {
				LastSwiftUpdateCheck = 0730;
				LastUpgradeCheck = 0730;
				ORGANIZATIONNAME = GoTechCon;
				TargetAttributes = {
					DD56968C1D0730E0002A0DBB = {
						CreatedOnToolsVersion = 7.3.1;
						DevelopmentTeam = 2XQQ734Q75;
					};
				};
			};
			buildConfigurationList = DD5696881D0730E0002A0DBB /* Build configuration list for PBXProject "GoTechConRpgOopApp" */;
			compatibilityVersion = "Xcode 3.2";
			developmentRegion = English;
			hasScannedForEncodings = 0;
			knownRegions = (
				en,
				Base,
			);
			mainGroup = DD5696841D0730E0002A0DBB;
			productRefGroup = DD56968E1D0730E0002A0DBB /* Products */;
			projectDirPath = "";
			projectRoot = "";
			targets = (
				DD56968C1D0730E0002A0DBB /* GoTechConRpgOopApp */,
			);
		};
/* End PBXProject section */

/* Begin PBXResourcesBuildPhase section */
		DD56968B1D0730E0002A0DBB /* Resources */ = {
			isa = PBXResourcesBuildPhase;
			buildActionMask = 2147483647;
			files = (
				DD56969B1D0730E0002A0DBB /* LaunchScreen.storyboard in Resources */,
				DD5696981D0730E0002A0DBB /* Assets.xcassets in Resources */,
				DD5696961D0730E0002A0DBB /* Main.storyboard in Resources */,
			);
			runOnlyForDeploymentPostprocessing = 0;
		};
/* End PBXResourcesBuildPhase section */

/* Begin PBXSourcesBuildPhase section */
		DD5696891D0730E0002A0DBB /* Sources */ = {
			isa = PBXSourcesBuildPhase;
			buildActionMask = 2147483647;
			files = (
				DD5696931D0730E0002A0DBB /* ViewController.swift in Sources */,
				DD5696911D0730E0002A0DBB /* AppDelegate.swift in Sources */,
			);
			runOnlyForDeploymentPostprocessing = 0;
		};
/* End PBXSourcesBuildPhase section */

/* Begin PBXVariantGroup section */
		DD5696941D0730E0002A0DBB /* Main.storyboard */ = {
			isa = PBXVariantGroup;
			children = (
				DD5696951D0730E0002A0DBB /* Base */,
			);
			name = Main.storyboard;
			sourceTree = "<group>";
		};
		DD5696991D0730E0002A0DBB /* LaunchScreen.storyboard */ = {
			isa = PBXVariantGroup;
			children = (
				DD56969A1D0730E0002A0DBB /* Base */,
			);
			name = LaunchScreen.storyboard;
			sourceTree = "<group>";
		};
/* End PBXVariantGroup section */

/* Begin XCBuildConfiguration section */
		DD56969D1D0730E0002A0DBB /* Debug */ = {
			isa = XCBuildConfiguration;
			buildSettings = {
				ALWAYS_SEARCH_USER_PATHS = NO;
				CLANG_ANALYZER_NONNULL = YES;
				CLANG_CXX_LANGUAGE_STANDARD = "gnu++0x";
				CLANG_CXX_LIBRARY = "libc++";
				CLANG_ENABLE_MODULES = YES;
				CLANG_ENABLE_OBJC_ARC = YES;
				CLANG_WARN_BOOL_CONVERSION = YES;
				CLANG_WARN_CONSTANT_CONVERSION = YES;
				CLANG_WARN_DIRECT_OBJC_ISA_USAGE = YES_ERROR;
				CLANG_WARN_EMPTY_BODY = YES;
				CLANG_WARN_ENUM_CONVERSION = YES;
				CLANG_WARN_INT_CONVERSION = YES;
				CLANG_WARN_OBJC_ROOT_CLASS = YES_ERROR;
				CLANG_WARN_UNREACHABLE_CODE = YES;
				CLANG_WARN__DUPLICATE_METHOD_MATCH = YES;
				"CODE_SIGN_IDENTITY[sdk=iphoneos*]" = "iPhone Developer";
				COPY_PHASE_STRIP = NO;
				DEBUG_INFORMATION_FORMAT = dwarf;
				ENABLE_STRICT_OBJC_MSGSEND = YES;
				ENABLE_TESTABILITY = YES;
				GCC_C_LANGUAGE_STANDARD = gnu99;
				GCC_DYNAMIC_NO_PIC = NO;
				GCC_NO_COMMON_BLOCKS = YES;
				GCC_OPTIMIZATION_LEVEL = 0;
				GCC_PREPROCESSOR_DEFINITIONS = (
					"DEBUG=1",
					"$(inherited)",
				);
				GCC_WARN_64_TO_32_BIT_CONVERSION = YES;
				GCC_WARN_ABOUT_RETURN_TYPE = YES_ERROR;
				GCC_WARN_UNDECLARED_SELECTOR = YES;
				GCC_WARN_UNINITIALIZED_AUTOS = YES_AGGRESSIVE;
				GCC_WARN_UNUSED_FUNCTION = YES;
				GCC_WARN_UNUSED_VARIABLE = YES;
				IPHONEOS_DEPLOYMENT_TARGET = 9.3;
				MTL_ENABLE_DEBUG_INFO = YES;
				ONLY_ACTIVE_ARCH = YES;
				SDKROOT = iphoneos;
				SWIFT_OPTIMIZATION_LEVEL = "-Onone";
			};
			name = Debug;
		};
		DD56969E1D0730E0002A0DBB /* Release */ = {
			isa = XCBuildConfiguration;
			buildSettings = {
				ALWAYS_SEARCH_USER_PATHS = NO;
				CLANG_ANALYZER_NONNULL = YES;
				CLANG_CXX_LANGUAGE_STANDARD = "gnu++0x";
				CLANG_CXX_LIBRARY = "libc++";
				CLANG_ENABLE_MODULES = YES;
				CLANG_ENABLE_OBJC_ARC = YES;
				CLANG_WARN_BOOL_CONVERSION = YES;
				CLANG_WARN_CONSTANT_CONVERSION = YES;
				CLANG_WARN_DIRECT_OBJC_ISA_USAGE = YES_ERROR;
				CLANG_WARN_EMPTY_BODY = YES;
				CLANG_WARN_ENUM_CONVERSION = YES;
				CLANG_WARN_INT_CONVERSION = YES;
				CLANG_WARN_OBJC_ROOT_CLASS = YES_ERROR;
				CLANG_WARN_UNREACHABLE_CODE = YES;
				CLANG_WARN__DUPLICATE_METHOD_MATCH = YES;
				"CODE_SIGN_IDENTITY[sdk=iphoneos*]" = "iPhone Developer";
				COPY_PHASE_STRIP = NO;
				DEBUG_INFORMATION_FORMAT = "dwarf-with-dsym";
				ENABLE_NS_ASSERTIONS = NO;
				ENABLE_STRICT_OBJC_MSGSEND = YES;
				GCC_C_LANGUAGE_STANDARD = gnu99;
				GCC_NO_COMMON_BLOCKS = YES;
				GCC_WARN_64_TO_32_BIT_CONVERSION = YES;
				GCC_WARN_ABOUT_RETURN_TYPE = YES_ERROR;
				GCC_WARN_UNDECLARED_SELECTOR = YES;
				GCC_WARN_UNINITIALIZED_AUTOS = YES_AGGRESSIVE;
				GCC_WARN_UNUSED_FUNCTION = YES;
				GCC_WARN_UNUSED_VARIABLE = YES;
				IPHONEOS_DEPLOYMENT_TARGET = 9.3;
				MTL_ENABLE_DEBUG_INFO = NO;
				SDKROOT = iphoneos;
				VALIDATE_PRODUCT = YES;
			};
			name = Release;
		};
		DD5696A01D0730E0002A0DBB /* Debug */ = {
			isa = XCBuildConfiguration;
			buildSettings = {
				ASSETCATALOG_COMPILER_APPICON_NAME = AppIcon;
				INFOPLIST_FILE = GoTechConRpgOopApp/Info.plist;
				LD_RUNPATH_SEARCH_PATHS = "$(inherited) @executable_path/Frameworks";
				PRODUCT_BUNDLE_IDENTIFIER = com.gotechcon.GoTechConRpgOopApp;
				PRODUCT_NAME = "$(TARGET_NAME)";
			};
			name = Debug;
		};
		DD5696A11D0730E0002A0DBB /* Release */ = {
			isa = XCBuildConfiguration;
			buildSettings = {
				ASSETCATALOG_COMPILER_APPICON_NAME = AppIcon;
				INFOPLIST_FILE = GoTechConRpgOopApp/Info.plist;
				LD_RUNPATH_SEARCH_PATHS = "$(inherited) @executable_path/Frameworks";
				PRODUCT_BUNDLE_IDENTIFIER = com.gotechcon.GoTechConRpgOopApp;
				PRODUCT_NAME = "$(TARGET_NAME)";
			};
			name = Release;
		};
/* End XCBuildConfiguration section */

/* Begin XCConfigurationList section */
		DD5696881D0730E0002A0DBB /* Build configuration list for PBXProject "GoTechConRpgOopApp" */ = {
			isa = XCConfigurationList;
			buildConfigurations = (
				DD56969D1D0730E0002A0DBB /* Debug */,
				DD56969E1D0730E0002A0DBB /* Release */,
			);
			defaultConfigurationIsVisible = 0;
			defaultConfigurationName = Release;
		};
		DD56969F1D0730E0002A0DBB /* Build configuration list for PBXNativeTarget "GoTechConRpgOopApp" */ = {
			isa = XCConfigurationList;
			buildConfigurations = (
				DD5696A01D0730E0002A0DBB /* Debug */,
				DD5696A11D0730E0002A0DBB /* Release */,
			);
			defaultConfigurationIsVisible = 0;
		};
/* End XCConfigurationList section */
	};
	rootObject = DD5696851D0730E0002A0DBB /* Project object */;
}
